# THIS IS AN AUTOGENERATED FILE. DO NOT EDIT THIS FILE DIRECTLY.
# yarn lockfile v1


"@ethersproject/abi@^5.6.3", "@ethersproject/abi@5.6.3":
  "integrity" "sha512-CxKTdoZY4zDJLWXG6HzNH6znWK0M79WzzxHegDoecE3+K32pzfHOzuXg2/oGSTecZynFgpkjYXNPOqXVJlqClw=="
  "resolved" "https://registry.npmjs.org/@ethersproject/abi/-/abi-5.6.3.tgz"
  "version" "5.6.3"
  dependencies:
    "@ethersproject/address" "^5.6.1"
    "@ethersproject/bignumber" "^5.6.2"
    "@ethersproject/bytes" "^5.6.1"
    "@ethersproject/constants" "^5.6.1"
    "@ethersproject/hash" "^5.6.1"
    "@ethersproject/keccak256" "^5.6.1"
    "@ethersproject/logger" "^5.6.0"
    "@ethersproject/properties" "^5.6.0"
    "@ethersproject/strings" "^5.6.1"

"@ethersproject/abstract-provider@^5.6.1", "@ethersproject/abstract-provider@5.6.1":
  "integrity" "sha512-BxlIgogYJtp1FS8Muvj8YfdClk3unZH0vRMVX791Z9INBNT/kuACZ9GzaY1Y4yFq+YSy6/w4gzj3HCRKrK9hsQ=="
  "resolved" "https://registry.npmjs.org/@ethersproject/abstract-provider/-/abstract-provider-5.6.1.tgz"
  "version" "5.6.1"
  dependencies:
    "@ethersproject/bignumber" "^5.6.2"
    "@ethersproject/bytes" "^5.6.1"
    "@ethersproject/logger" "^5.6.0"
    "@ethersproject/networks" "^5.6.3"
    "@ethersproject/properties" "^5.6.0"
    "@ethersproject/transactions" "^5.6.2"
    "@ethersproject/web" "^5.6.1"

"@ethersproject/abstract-signer@^5.6.2", "@ethersproject/abstract-signer@5.6.2":
  "integrity" "sha512-n1r6lttFBG0t2vNiI3HoWaS/KdOt8xyDjzlP2cuevlWLG6EX0OwcKLyG/Kp/cuwNxdy/ous+R/DEMdTUwWQIjQ=="
  "resolved" "https://registry.npmjs.org/@ethersproject/abstract-signer/-/abstract-signer-5.6.2.tgz"
  "version" "5.6.2"
  dependencies:
    "@ethersproject/abstract-provider" "^5.6.1"
    "@ethersproject/bignumber" "^5.6.2"
    "@ethersproject/bytes" "^5.6.1"
    "@ethersproject/logger" "^5.6.0"
    "@ethersproject/properties" "^5.6.0"

"@ethersproject/address@^5", "@ethersproject/address@^5.4.0", "@ethersproject/address@^5.6.1", "@ethersproject/address@5.6.1":
  "integrity" "sha512-uOgF0kS5MJv9ZvCz7x6T2EXJSzotiybApn4XlOgoTX0xdtyVIJ7pF+6cGPxiEq/dpBiTfMiw7Yc81JcwhSYA0Q=="
  "resolved" "https://registry.npmjs.org/@ethersproject/address/-/address-5.6.1.tgz"
  "version" "5.6.1"
  dependencies:
    "@ethersproject/bignumber" "^5.6.2"
    "@ethersproject/bytes" "^5.6.1"
    "@ethersproject/keccak256" "^5.6.1"
    "@ethersproject/logger" "^5.6.0"
    "@ethersproject/rlp" "^5.6.1"

"@ethersproject/base64@^5.6.1", "@ethersproject/base64@5.6.1":
  "integrity" "sha512-qB76rjop6a0RIYYMiB4Eh/8n+Hxu2NIZm8S/Q7kNo5pmZfXhHGHmS4MinUainiBC54SCyRnwzL+KZjj8zbsSsw=="
  "resolved" "https://registry.npmjs.org/@ethersproject/base64/-/base64-5.6.1.tgz"
  "version" "5.6.1"
  dependencies:
    "@ethersproject/bytes" "^5.6.1"

"@ethersproject/basex@^5.6.1", "@ethersproject/basex@5.6.1":
  "integrity" "sha512-a52MkVz4vuBXR06nvflPMotld1FJWSj2QT0985v7P/emPZO00PucFAkbcmq2vpVU7Ts7umKiSI6SppiLykVWsA=="
  "resolved" "https://registry.npmjs.org/@ethersproject/basex/-/basex-5.6.1.tgz"
  "version" "5.6.1"
  dependencies:
    "@ethersproject/bytes" "^5.6.1"
    "@ethersproject/properties" "^5.6.0"

"@ethersproject/bignumber@^5.6.2", "@ethersproject/bignumber@5.6.2":
  "integrity" "sha512-v7+EEUbhGqT3XJ9LMPsKvXYHFc8eHxTowFCG/HgJErmq4XHJ2WR7aeyICg3uTOAQ7Icn0GFHAohXEhxQHq4Ubw=="
  "resolved" "https://registry.npmjs.org/@ethersproject/bignumber/-/bignumber-5.6.2.tgz"
  "version" "5.6.2"
  dependencies:
    "@ethersproject/bytes" "^5.6.1"
    "@ethersproject/logger" "^5.6.0"
    "bn.js" "^5.2.1"

"@ethersproject/bytes@^5.6.1", "@ethersproject/bytes@5.6.1":
  "integrity" "sha512-NwQt7cKn5+ZE4uDn+X5RAXLp46E1chXoaMmrxAyA0rblpxz8t58lVkrHXoRIn0lz1joQElQ8410GqhTqMOwc6g=="
  "resolved" "https://registry.npmjs.org/@ethersproject/bytes/-/bytes-5.6.1.tgz"
  "version" "5.6.1"
  dependencies:
    "@ethersproject/logger" "^5.6.0"

"@ethersproject/constants@^5.6.1", "@ethersproject/constants@5.6.1":
  "integrity" "sha512-QSq9WVnZbxXYFftrjSjZDUshp6/eKp6qrtdBtUCm0QxCV5z1fG/w3kdlcsjMCQuQHUnAclKoK7XpXMezhRDOLg=="
  "resolved" "https://registry.npmjs.org/@ethersproject/constants/-/constants-5.6.1.tgz"
  "version" "5.6.1"
  dependencies:
    "@ethersproject/bignumber" "^5.6.2"

"@ethersproject/contracts@5.6.2":
  "integrity" "sha512-hguUA57BIKi6WY0kHvZp6PwPlWF87MCeB4B7Z7AbUpTxfFXFdn/3b0GmjZPagIHS+3yhcBJDnuEfU4Xz+Ks/8g=="
  "resolved" "https://registry.npmjs.org/@ethersproject/contracts/-/contracts-5.6.2.tgz"
  "version" "5.6.2"
  dependencies:
    "@ethersproject/abi" "^5.6.3"
    "@ethersproject/abstract-provider" "^5.6.1"
    "@ethersproject/abstract-signer" "^5.6.2"
    "@ethersproject/address" "^5.6.1"
    "@ethersproject/bignumber" "^5.6.2"
    "@ethersproject/bytes" "^5.6.1"
    "@ethersproject/constants" "^5.6.1"
    "@ethersproject/logger" "^5.6.0"
    "@ethersproject/properties" "^5.6.0"
    "@ethersproject/transactions" "^5.6.2"

"@ethersproject/hash@^5.6.1", "@ethersproject/hash@5.6.1":
  "integrity" "sha512-L1xAHurbaxG8VVul4ankNX5HgQ8PNCTrnVXEiFnE9xoRnaUcgfD12tZINtDinSllxPLCtGwguQxJ5E6keE84pA=="
  "resolved" "https://registry.npmjs.org/@ethersproject/hash/-/hash-5.6.1.tgz"
  "version" "5.6.1"
  dependencies:
    "@ethersproject/abstract-signer" "^5.6.2"
    "@ethersproject/address" "^5.6.1"
    "@ethersproject/bignumber" "^5.6.2"
    "@ethersproject/bytes" "^5.6.1"
    "@ethersproject/keccak256" "^5.6.1"
    "@ethersproject/logger" "^5.6.0"
    "@ethersproject/properties" "^5.6.0"
    "@ethersproject/strings" "^5.6.1"

"@ethersproject/hdnode@^5.6.2", "@ethersproject/hdnode@5.6.2":
  "integrity" "sha512-tERxW8Ccf9CxW2db3WsN01Qao3wFeRsfYY9TCuhmG0xNpl2IO8wgXU3HtWIZ49gUWPggRy4Yg5axU0ACaEKf1Q=="
  "resolved" "https://registry.npmjs.org/@ethersproject/hdnode/-/hdnode-5.6.2.tgz"
  "version" "5.6.2"
  dependencies:
    "@ethersproject/abstract-signer" "^5.6.2"
    "@ethersproject/basex" "^5.6.1"
    "@ethersproject/bignumber" "^5.6.2"
    "@ethersproject/bytes" "^5.6.1"
    "@ethersproject/logger" "^5.6.0"
    "@ethersproject/pbkdf2" "^5.6.1"
    "@ethersproject/properties" "^5.6.0"
    "@ethersproject/sha2" "^5.6.1"
    "@ethersproject/signing-key" "^5.6.2"
    "@ethersproject/strings" "^5.6.1"
    "@ethersproject/transactions" "^5.6.2"
    "@ethersproject/wordlists" "^5.6.1"

"@ethersproject/json-wallets@^5.6.1", "@ethersproject/json-wallets@5.6.1":
  "integrity" "sha512-KfyJ6Zwz3kGeX25nLihPwZYlDqamO6pfGKNnVMWWfEVVp42lTfCZVXXy5Ie8IZTN0HKwAngpIPi7gk4IJzgmqQ=="
  "resolved" "https://registry.npmjs.org/@ethersproject/json-wallets/-/json-wallets-5.6.1.tgz"
  "version" "5.6.1"
  dependencies:
    "@ethersproject/abstract-signer" "^5.6.2"
    "@ethersproject/address" "^5.6.1"
    "@ethersproject/bytes" "^5.6.1"
    "@ethersproject/hdnode" "^5.6.2"
    "@ethersproject/keccak256" "^5.6.1"
    "@ethersproject/logger" "^5.6.0"
    "@ethersproject/pbkdf2" "^5.6.1"
    "@ethersproject/properties" "^5.6.0"
    "@ethersproject/random" "^5.6.1"
    "@ethersproject/strings" "^5.6.1"
    "@ethersproject/transactions" "^5.6.2"
    "aes-js" "3.0.0"
    "scrypt-js" "3.0.1"

"@ethersproject/keccak256@^5.6.1":
  "integrity" "sha512-bB7DQHCTRDooZZdL3lk9wpL0+XuG3XLGHLh3cePnybsO3V0rdCAOQGpn/0R3aODmnTOOkCATJiD2hnL+5bwthA=="
  "resolved" "https://registry.npmjs.org/@ethersproject/keccak256/-/keccak256-5.6.1.tgz"
  "version" "5.6.1"
  dependencies:
    "@ethersproject/bytes" "^5.6.1"
    "js-sha3" "0.8.0"

"@ethersproject/keccak256@5.6.1":
  "integrity" "sha512-bB7DQHCTRDooZZdL3lk9wpL0+XuG3XLGHLh3cePnybsO3V0rdCAOQGpn/0R3aODmnTOOkCATJiD2hnL+5bwthA=="
  "resolved" "https://registry.npmjs.org/@ethersproject/keccak256/-/keccak256-5.6.1.tgz"
  "version" "5.6.1"
  dependencies:
    "@ethersproject/bytes" "^5.6.1"
    "js-sha3" "0.8.0"

"@ethersproject/logger@^5.6.0", "@ethersproject/logger@5.6.0":
  "integrity" "sha512-BiBWllUROH9w+P21RzoxJKzqoqpkyM1pRnEKG69bulE9TSQD8SAIvTQqIMZmmCO8pUNkgLP1wndX1gKghSpBmg=="
  "resolved" "https://registry.npmjs.org/@ethersproject/logger/-/logger-5.6.0.tgz"
  "version" "5.6.0"

"@ethersproject/networks@^5.6.3", "@ethersproject/networks@5.6.3":
  "integrity" "sha512-QZxRH7cA5Ut9TbXwZFiCyuPchdWi87ZtVNHWZd0R6YFgYtes2jQ3+bsslJ0WdyDe0i6QumqtoYqvY3rrQFRZOQ=="
  "resolved" "https://registry.npmjs.org/@ethersproject/networks/-/networks-5.6.3.tgz"
  "version" "5.6.3"
  dependencies:
    "@ethersproject/logger" "^5.6.0"

"@ethersproject/pbkdf2@^5.6.1", "@ethersproject/pbkdf2@5.6.1":
  "integrity" "sha512-k4gRQ+D93zDRPNUfmduNKq065uadC2YjMP/CqwwX5qG6R05f47boq6pLZtV/RnC4NZAYOPH1Cyo54q0c9sshRQ=="
  "resolved" "https://registry.npmjs.org/@ethersproject/pbkdf2/-/pbkdf2-5.6.1.tgz"
  "version" "5.6.1"
  dependencies:
    "@ethersproject/bytes" "^5.6.1"
    "@ethersproject/sha2" "^5.6.1"

"@ethersproject/properties@^5.6.0", "@ethersproject/properties@5.6.0":
  "integrity" "sha512-szoOkHskajKePTJSZ46uHUWWkbv7TzP2ypdEK6jGMqJaEt2sb0jCgfBo0gH0m2HBpRixMuJ6TBRaQCF7a9DoCg=="
  "resolved" "https://registry.npmjs.org/@ethersproject/properties/-/properties-5.6.0.tgz"
  "version" "5.6.0"
  dependencies:
    "@ethersproject/logger" "^5.6.0"

"@ethersproject/providers@^5", "@ethersproject/providers@^5.6.8", "@ethersproject/providers@5.6.8":
  "integrity" "sha512-Wf+CseT/iOJjrGtAOf3ck9zS7AgPmr2fZ3N97r4+YXN3mBePTG2/bJ8DApl9mVwYL+RpYbNxMEkEp4mPGdwG/w=="
  "resolved" "https://registry.npmjs.org/@ethersproject/providers/-/providers-5.6.8.tgz"
  "version" "5.6.8"
  dependencies:
    "@ethersproject/abstract-provider" "^5.6.1"
    "@ethersproject/abstract-signer" "^5.6.2"
    "@ethersproject/address" "^5.6.1"
    "@ethersproject/base64" "^5.6.1"
    "@ethersproject/basex" "^5.6.1"
    "@ethersproject/bignumber" "^5.6.2"
    "@ethersproject/bytes" "^5.6.1"
    "@ethersproject/constants" "^5.6.1"
    "@ethersproject/hash" "^5.6.1"
    "@ethersproject/logger" "^5.6.0"
    "@ethersproject/networks" "^5.6.3"
    "@ethersproject/properties" "^5.6.0"
    "@ethersproject/random" "^5.6.1"
    "@ethersproject/rlp" "^5.6.1"
    "@ethersproject/sha2" "^5.6.1"
    "@ethersproject/strings" "^5.6.1"
    "@ethersproject/transactions" "^5.6.2"
    "@ethersproject/web" "^5.6.1"
    "bech32" "1.1.4"
    "ws" "7.4.6"

"@ethersproject/random@^5.6.1", "@ethersproject/random@5.6.1":
  "integrity" "sha512-/wtPNHwbmng+5yi3fkipA8YBT59DdkGRoC2vWk09Dci/q5DlgnMkhIycjHlavrvrjJBkFjO/ueLyT+aUDfc4lA=="
  "resolved" "https://registry.npmjs.org/@ethersproject/random/-/random-5.6.1.tgz"
  "version" "5.6.1"
  dependencies:
    "@ethersproject/bytes" "^5.6.1"
    "@ethersproject/logger" "^5.6.0"

"@ethersproject/rlp@^5.6.1", "@ethersproject/rlp@5.6.1":
  "integrity" "sha512-uYjmcZx+DKlFUk7a5/W9aQVaoEC7+1MOBgNtvNg13+RnuUwT4F0zTovC0tmay5SmRslb29V1B7Y5KCri46WhuQ=="
  "resolved" "https://registry.npmjs.org/@ethersproject/rlp/-/rlp-5.6.1.tgz"
  "version" "5.6.1"
  dependencies:
    "@ethersproject/bytes" "^5.6.1"
    "@ethersproject/logger" "^5.6.0"

"@ethersproject/sha2@^5.6.1", "@ethersproject/sha2@5.6.1":
  "integrity" "sha512-5K2GyqcW7G4Yo3uenHegbXRPDgARpWUiXc6RiF7b6i/HXUoWlb7uCARh7BAHg7/qT/Q5ydofNwiZcim9qpjB6g=="
  "resolved" "https://registry.npmjs.org/@ethersproject/sha2/-/sha2-5.6.1.tgz"
  "version" "5.6.1"
  dependencies:
    "@ethersproject/bytes" "^5.6.1"
    "@ethersproject/logger" "^5.6.0"
    "hash.js" "1.1.7"

"@ethersproject/signing-key@^5.6.2", "@ethersproject/signing-key@5.6.2":
  "integrity" "sha512-jVbu0RuP7EFpw82vHcL+GP35+KaNruVAZM90GxgQnGqB6crhBqW/ozBfFvdeImtmb4qPko0uxXjn8l9jpn0cwQ=="
  "resolved" "https://registry.npmjs.org/@ethersproject/signing-key/-/signing-key-5.6.2.tgz"
  "version" "5.6.2"
  dependencies:
    "@ethersproject/bytes" "^5.6.1"
    "@ethersproject/logger" "^5.6.0"
    "@ethersproject/properties" "^5.6.0"
    "bn.js" "^5.2.1"
    "elliptic" "6.5.4"
    "hash.js" "1.1.7"

"@ethersproject/solidity@5.6.1":
  "integrity" "sha512-KWqVLkUUoLBfL1iwdzUVlkNqAUIFMpbbeH0rgCfKmJp0vFtY4AsaN91gHKo9ZZLkC4UOm3cI3BmMV4N53BOq4g=="
  "resolved" "https://registry.npmjs.org/@ethersproject/solidity/-/solidity-5.6.1.tgz"
  "version" "5.6.1"
  dependencies:
    "@ethersproject/bignumber" "^5.6.2"
    "@ethersproject/bytes" "^5.6.1"
    "@ethersproject/keccak256" "^5.6.1"
    "@ethersproject/logger" "^5.6.0"
    "@ethersproject/sha2" "^5.6.1"
    "@ethersproject/strings" "^5.6.1"

"@ethersproject/strings@^5.6.1", "@ethersproject/strings@5.6.1":
  "integrity" "sha512-2X1Lgk6Jyfg26MUnsHiT456U9ijxKUybz8IM1Vih+NJxYtXhmvKBcHOmvGqpFSVJ0nQ4ZCoIViR8XlRw1v/+Cw=="
  "resolved" "https://registry.npmjs.org/@ethersproject/strings/-/strings-5.6.1.tgz"
  "version" "5.6.1"
  dependencies:
    "@ethersproject/bytes" "^5.6.1"
    "@ethersproject/constants" "^5.6.1"
    "@ethersproject/logger" "^5.6.0"

"@ethersproject/transactions@^5.6.2", "@ethersproject/transactions@5.6.2":
  "integrity" "sha512-BuV63IRPHmJvthNkkt9G70Ullx6AcM+SDc+a8Aw/8Yew6YwT51TcBKEp1P4oOQ/bP25I18JJr7rcFRgFtU9B2Q=="
  "resolved" "https://registry.npmjs.org/@ethersproject/transactions/-/transactions-5.6.2.tgz"
  "version" "5.6.2"
  dependencies:
    "@ethersproject/address" "^5.6.1"
    "@ethersproject/bignumber" "^5.6.2"
    "@ethersproject/bytes" "^5.6.1"
    "@ethersproject/constants" "^5.6.1"
    "@ethersproject/keccak256" "^5.6.1"
    "@ethersproject/logger" "^5.6.0"
    "@ethersproject/properties" "^5.6.0"
    "@ethersproject/rlp" "^5.6.1"
    "@ethersproject/signing-key" "^5.6.2"

"@ethersproject/units@5.6.1":
  "integrity" "sha512-rEfSEvMQ7obcx3KWD5EWWx77gqv54K6BKiZzKxkQJqtpriVsICrktIQmKl8ReNToPeIYPnFHpXvKpi068YFZXw=="
  "resolved" "https://registry.npmjs.org/@ethersproject/units/-/units-5.6.1.tgz"
  "version" "5.6.1"
  dependencies:
    "@ethersproject/bignumber" "^5.6.2"
    "@ethersproject/constants" "^5.6.1"
    "@ethersproject/logger" "^5.6.0"

"@ethersproject/wallet@5.6.2":
  "integrity" "sha512-lrgh0FDQPuOnHcF80Q3gHYsSUODp6aJLAdDmDV0xKCN/T7D99ta1jGVhulg3PY8wiXEngD0DfM0I2XKXlrqJfg=="
  "resolved" "https://registry.npmjs.org/@ethersproject/wallet/-/wallet-5.6.2.tgz"
  "version" "5.6.2"
  dependencies:
    "@ethersproject/abstract-provider" "^5.6.1"
    "@ethersproject/abstract-signer" "^5.6.2"
    "@ethersproject/address" "^5.6.1"
    "@ethersproject/bignumber" "^5.6.2"
    "@ethersproject/bytes" "^5.6.1"
    "@ethersproject/hash" "^5.6.1"
    "@ethersproject/hdnode" "^5.6.2"
    "@ethersproject/json-wallets" "^5.6.1"
    "@ethersproject/keccak256" "^5.6.1"
    "@ethersproject/logger" "^5.6.0"
    "@ethersproject/properties" "^5.6.0"
    "@ethersproject/random" "^5.6.1"
    "@ethersproject/signing-key" "^5.6.2"
    "@ethersproject/transactions" "^5.6.2"
    "@ethersproject/wordlists" "^5.6.1"

"@ethersproject/web@^5.6.1", "@ethersproject/web@5.6.1":
  "integrity" "sha512-/vSyzaQlNXkO1WV+RneYKqCJwualcUdx/Z3gseVovZP0wIlOFcCE1hkRhKBH8ImKbGQbMl9EAAyJFrJu7V0aqA=="
  "resolved" "https://registry.npmjs.org/@ethersproject/web/-/web-5.6.1.tgz"
  "version" "5.6.1"
  dependencies:
    "@ethersproject/base64" "^5.6.1"
    "@ethersproject/bytes" "^5.6.1"
    "@ethersproject/logger" "^5.6.0"
    "@ethersproject/properties" "^5.6.0"
    "@ethersproject/strings" "^5.6.1"

"@ethersproject/wordlists@^5.6.1", "@ethersproject/wordlists@5.6.1":
  "integrity" "sha512-wiPRgBpNbNwCQFoCr8bcWO8o5I810cqO6mkdtKfLKFlLxeCWcnzDi4Alu8iyNzlhYuS9npCwivMbRWF19dyblw=="
  "resolved" "https://registry.npmjs.org/@ethersproject/wordlists/-/wordlists-5.6.1.tgz"
  "version" "5.6.1"
  dependencies:
    "@ethersproject/bytes" "^5.6.1"
    "@ethersproject/hash" "^5.6.1"
    "@ethersproject/logger" "^5.6.0"
    "@ethersproject/properties" "^5.6.0"
    "@ethersproject/strings" "^5.6.1"

"@jest/schemas@^28.0.2":
  "integrity" "sha512-YVDJZjd4izeTDkij00vHHAymNXQ6WWsdChFRK86qck6Jpr3DCL5W3Is3vslviRlP+bLuMYRLbdp98amMvqudhA=="
  "resolved" "https://registry.npmjs.org/@jest/schemas/-/schemas-28.0.2.tgz"
  "version" "28.0.2"
  dependencies:
    "@sinclair/typebox" "^0.23.3"

"@metamask/detect-provider@^1.2.0":
  "integrity" "sha512-ocA76vt+8D0thgXZ7LxFPyqw3H7988qblgzddTDA6B8a/yU0uKV42QR/DhA+Jh11rJjxW0jKvwb5htA6krNZDQ=="
  "resolved" "https://registry.npmjs.org/@metamask/detect-provider/-/detect-provider-1.2.0.tgz"
  "version" "1.2.0"

"@next/env@12.1.6":
  "integrity" "sha512-Te/OBDXFSodPU6jlXYPAXpmZr/AkG6DCATAxttQxqOWaq6eDFX25Db3dK0120GZrSZmv4QCe9KsZmJKDbWs4OA=="
  "resolved" "https://registry.npmjs.org/@next/env/-/env-12.1.6.tgz"
  "version" "12.1.6"

"@next/swc-win32-x64-msvc@12.1.6":
  "integrity" "sha512-4ZEwiRuZEicXhXqmhw3+de8Z4EpOLQj/gp+D9fFWo6ii6W1kBkNNvvEx4A90ugppu+74pT1lIJnOuz3A9oQeJA=="
  "resolved" "https://registry.npmjs.org/@next/swc-win32-x64-msvc/-/swc-win32-x64-msvc-12.1.6.tgz"
  "version" "12.1.6"

"@openzeppelin/contracts@^4.6.0":
  "integrity" "sha512-8vi4d50NNya/bQqCmaVzvHNmwHvS0OBKb7HNtuNwEE3scXWrP31fKQoGxNMT+KbzmrNZzatE3QK5p2gFONI/hg=="
  "resolved" "https://registry.npmjs.org/@openzeppelin/contracts/-/contracts-4.6.0.tgz"
  "version" "4.6.0"

"@sinclair/typebox@^0.23.3":
  "integrity" "sha512-AFBVi/iT4g20DHoujvMH1aEDn8fGJh4xsRGCP6d8RpLPMqsNPvW01Jcn0QysXTsg++/xj25NmJsGyH9xug/wKg=="
  "resolved" "https://registry.npmjs.org/@sinclair/typebox/-/typebox-0.23.5.tgz"
  "version" "0.23.5"

"@types/jest@^28.1.3":
  "integrity" "sha512-Tsbjk8Y2hkBaY/gJsataeb4q9Mubw9EOz7+4RjPkzD5KjTvHHs7cpws22InaoXxAVAhF5HfFbzJjo6oKWqSZLw=="
  "resolved" "https://registry.npmjs.org/@types/jest/-/jest-28.1.3.tgz"
  "version" "28.1.3"
  dependencies:
    "jest-matcher-utils" "^28.0.0"
    "pretty-format" "^28.0.0"

"@types/node@^18.0.0":
  "integrity" "sha512-cHlGmko4gWLVI27cGJntjs/Sj8th9aYwplmZFwmmgYQQvL5NUsgVJG7OddLvNfLqYS31KFN0s3qlaD9qCaxACA=="
  "resolved" "https://registry.npmjs.org/@types/node/-/node-18.0.0.tgz"
  "version" "18.0.0"

"@types/prop-types@*":
  "integrity" "sha512-JCB8C6SnDoQf0cNycqd/35A7MjcnK+ZTqE7judS6o7utxUCg6imJg3QK2qzHKszlTjcj2cn+NwMB2i96ubpj7w=="
  "resolved" "https://registry.npmjs.org/@types/prop-types/-/prop-types-15.7.5.tgz"
  "version" "15.7.5"

"@types/react-dom@^18.0.5":
  "integrity" "sha512-OWPWTUrY/NIrjsAPkAk1wW9LZeIjSvkXRhclsFO8CZcZGCOg2G0YZy4ft+rOyYxy8B7ui5iZzi9OkDebZ7/QSA=="
  "resolved" "https://registry.npmjs.org/@types/react-dom/-/react-dom-18.0.5.tgz"
  "version" "18.0.5"
  dependencies:
    "@types/react" "*"

"@types/react@*", "@types/react@^18.0.14":
  "integrity" "sha512-x4gGuASSiWmo0xjDLpm5mPb52syZHJx02VKbqUKdLmKtAwIh63XClGsiTI1K6DO5q7ox4xAsQrU+Gl3+gGXF9Q=="
  "resolved" "https://registry.npmjs.org/@types/react/-/react-18.0.14.tgz"
  "version" "18.0.14"
  dependencies:
    "@types/prop-types" "*"
    "@types/scheduler" "*"
    "csstype" "^3.0.2"

"@types/scheduler@*":
  "integrity" "sha512-hppQEBDmlwhFAXKJX2KnWLYu5yMfi91yazPb2l+lbJiwW+wdo1gNeRA+3RgNSO39WYX2euey41KEwnqesU2Jew=="
  "resolved" "https://registry.npmjs.org/@types/scheduler/-/scheduler-0.16.2.tgz"
  "version" "0.16.2"

"@web3-react/abstract-connector@^6.0.7":
  "integrity" "sha512-RhQasA4Ox8CxUC0OENc1AJJm8UTybu/oOCM61Zjg6y0iF7Z0sqv1Ai1VdhC33hrQpA8qSBgoXN9PaP8jKmtdqg=="
  "resolved" "https://registry.npmjs.org/@web3-react/abstract-connector/-/abstract-connector-6.0.7.tgz"
  "version" "6.0.7"
  dependencies:
    "@web3-react/types" "^6.0.7"

"@web3-react/core@^8.0.33-beta.0":
  "integrity" "sha512-qif/t5zycmlercIGPGNLpxM0+qiRZpbBIVFHgTGSS67bssgZoeBAXwafesbD1KRjiubATMgYBsKy16KskjxwTA=="
  "resolved" "https://registry.npmjs.org/@web3-react/core/-/core-8.0.33-beta.0.tgz"
  "version" "8.0.33-beta.0"
  dependencies:
    "@web3-react/store" "^8.0.24-beta.0"
    "@web3-react/types" "^8.0.19-beta.0"
    "zustand" "^4.0.0-rc.0"
  optionalDependencies:
    "@ethersproject/providers" "^5"

"@web3-react/injected-connector@^6.0.7":
  "integrity" "sha512-Y7aJSz6pg+MWKtvdyuqyy6LWuH+4Tqtph1LWfiyVms9II9ar/9B/de4R8wh4wjg91wmHkU+D75yP09E/Soh2RA=="
  "resolved" "https://registry.npmjs.org/@web3-react/injected-connector/-/injected-connector-6.0.7.tgz"
  "version" "6.0.7"
  dependencies:
    "@web3-react/abstract-connector" "^6.0.7"
    "@web3-react/types" "^6.0.7"
    "tiny-warning" "^1.0.3"

"@web3-react/metamask@^8.0.26-beta.0":
  "integrity" "sha512-srYzA4nvMBWlH7kJLCunYueyucbTLmGqDUOK3QquVmQ+avvwOlYVzyvKPQrHf4M2+6f6GpzWYuw6AjNknvfaIA=="
  "resolved" "https://registry.npmjs.org/@web3-react/metamask/-/metamask-8.0.26-beta.0.tgz"
  "version" "8.0.26-beta.0"
  dependencies:
    "@metamask/detect-provider" "^1.2.0"
    "@web3-react/types" "^8.0.19-beta.0"

"@web3-react/store@^8.0.0-beta.0":
  "integrity" "sha512-MIf5k1pG4EVDzl4GAJbohiA9IUeBjH266KtxvyjANWheRL0ylC6Go6scgG+1Japi/NUKBW1wtPO+biYTO4ws/w=="
  "resolved" "https://registry.npmjs.org/@web3-react/store/-/store-8.0.0-beta.0.tgz"
  "version" "8.0.0-beta.0"
  dependencies:
    "@ethersproject/address" "^5.4.0"
    "@web3-react/types" "^8.0.0-beta.0"
    "zustand" "^4.0.0-beta.0"

"@web3-react/store@^8.0.24-beta.0":
  "integrity" "sha512-R2MA1lByr9LwQKhso3PYq31GRYEPbM1HKC4uWGGAY42JBXG+Fnhf/0fUIDcdJzdT6tonGBKRgqXKXQ+8HEjgzA=="
  "resolved" "https://registry.npmjs.org/@web3-react/store/-/store-8.0.24-beta.0.tgz"
  "version" "8.0.24-beta.0"
  dependencies:
    "@ethersproject/address" "^5"
    "@web3-react/types" "^8.0.19-beta.0"
    "zustand" "^4.0.0-rc.0"

"@web3-react/types@^6.0.7":
  "integrity" "sha512-ofGmfDhxmNT1/P/MgVa8IKSkCStFiyvXe+U5tyZurKdrtTDFU+wJ/LxClPDtFerWpczNFPUSrKcuhfPX1sI6+A=="
  "resolved" "https://registry.npmjs.org/@web3-react/types/-/types-6.0.7.tgz"
  "version" "6.0.7"

"@web3-react/types@^8.0.0-beta.0":
  "integrity" "sha512-6yVwgf+zOt2/o6l0DeZXJcKV/85rcafS3MSLk8c2l98Jw8THc+ZyOeLWb0TUBzj7rc5v+PoKz4Fs2wsf8LOJew=="
  "resolved" "https://registry.npmjs.org/@web3-react/types/-/types-8.0.0-beta.0.tgz"
  "version" "8.0.0-beta.0"
  dependencies:
    "zustand" "^4.0.0-beta.0"

"@web3-react/types@^8.0.19-beta.0":
  "integrity" "sha512-tM63N3IiL5E61HBvx62kDmQlQ/zCfnlYAkJCQnLWFpzQ2Kafcfpi0qAynvFye8DqSgy4E3d6kQah/NIs6BL+qw=="
  "resolved" "https://registry.npmjs.org/@web3-react/types/-/types-8.0.19-beta.0.tgz"
  "version" "8.0.19-beta.0"
  dependencies:
    "zustand" "^4.0.0-rc.0"

"aes-js@3.0.0":
  "integrity" "sha512-H7wUZRn8WpTq9jocdxQ2c8x2sKo9ZVmzfRE13GiNJXfp7NcKYEdvl3vspKjXox6RIG2VtaRe4JFvxG4rqp2Zuw=="
  "resolved" "https://registry.npmjs.org/aes-js/-/aes-js-3.0.0.tgz"
  "version" "3.0.0"

"ansi-regex@^5.0.1":
  "integrity" "sha512-quJQXlTSUGL2LH9SUXo8VwsY4soanhgo6LNSm84E1LBcE8s3O0wpdiRzyR9z/ZZJMlMWv37qOOb9pdJlMUEKFQ=="
  "resolved" "https://registry.npmjs.org/ansi-regex/-/ansi-regex-5.0.1.tgz"
  "version" "5.0.1"

"ansi-styles@^4.1.0":
  "integrity" "sha512-zbB9rCJAT1rbjiVDb2hqKFHNYLxgtk8NURxZ3IZwD3F6NtxbXZQCnnSi1Lkx+IDohdPlFp222wVALIheZJQSEg=="
  "resolved" "https://registry.npmjs.org/ansi-styles/-/ansi-styles-4.3.0.tgz"
  "version" "4.3.0"
  dependencies:
    "color-convert" "^2.0.1"

"ansi-styles@^5.0.0":
  "integrity" "sha512-Cxwpt2SfTzTtXcfOlzGEee8O+c+MmUgGrNiBcXnuWxuFJHe6a5Hz7qwhwe5OgaSYI0IJvkLqWX1ASG+cJOkEiA=="
  "resolved" "https://registry.npmjs.org/ansi-styles/-/ansi-styles-5.2.0.tgz"
  "version" "5.2.0"

"anymatch@~3.1.2":
  "integrity" "sha512-P43ePfOAIupkguHUycrc4qJ9kz8ZiuOUijaETwX7THt0Y/GNK7v0aa8rY816xWjZ7rJdA5XdMcpVFTKMq+RvWg=="
  "resolved" "https://registry.npmjs.org/anymatch/-/anymatch-3.1.2.tgz"
  "version" "3.1.2"
  dependencies:
    "normalize-path" "^3.0.0"
    "picomatch" "^2.0.4"

"asynckit@^0.4.0":
  "integrity" "sha512-Oei9OH4tRh0YqU3GxhX79dM/mwVgvbZJaSNaRk+bshkj0S5cfHcgYakreBjrHwatXKbz+IoIdYLxrKim2MjW0Q=="
  "resolved" "https://registry.npmjs.org/asynckit/-/asynckit-0.4.0.tgz"
  "version" "0.4.0"

"axios@^0.27.2":
  "integrity" "sha512-t+yRIyySRTp/wua5xEr+z1q60QmLq8ABsS5O9Me1AsE5dfKqgnCFzwiCZZ/cGNd1lq4/7akDWMxdhVlucjmnOQ=="
  "resolved" "https://registry.npmjs.org/axios/-/axios-0.27.2.tgz"
  "version" "0.27.2"
  dependencies:
    "follow-redirects" "^1.14.9"
    "form-data" "^4.0.0"

"bech32@1.1.4":
  "integrity" "sha512-s0IrSOzLlbvX7yp4WBfPITzpAU8sqQcpsmwXDiKwrG4r491vwCO/XpejasRNl0piBMe/DvP4Tz0mIS/X1DPJBQ=="
  "resolved" "https://registry.npmjs.org/bech32/-/bech32-1.1.4.tgz"
  "version" "1.1.4"

"binary-extensions@^2.0.0":
  "integrity" "sha512-jDctJ/IVQbZoJykoeHbhXpOlNBqGNcwXJKJog42E5HDPUwQTSdjCHdihjj0DlnheQ7blbT6dHOafNAiS8ooQKA=="
  "resolved" "https://registry.npmjs.org/binary-extensions/-/binary-extensions-2.2.0.tgz"
  "version" "2.2.0"

"bn.js@^4.11.9":
  "integrity" "sha512-c98Bf3tPniI+scsdk237ku1Dc3ujXQTSgyiPUDEOe7tRkhrqridvh8klBv0HCEso1OLOYcHuCv/cS6DNxKH+ZA=="
  "resolved" "https://registry.npmjs.org/bn.js/-/bn.js-4.12.0.tgz"
  "version" "4.12.0"

"bn.js@^5.2.1":
  "integrity" "sha512-eXRvHzWyYPBuB4NBy0cmYQjGitUrtqwbvlzP3G6VFnNRbsZQIxQ10PbKKHt8gZ/HW/D/747aDl+QkDqg3KQLMQ=="
  "resolved" "https://registry.npmjs.org/bn.js/-/bn.js-5.2.1.tgz"
  "version" "5.2.1"

"braces@~3.0.2":
  "integrity" "sha512-b8um+L1RzM3WDSzvhm6gIz1yfTbBt6YTlcEKAvsmqCZZFw46z626lVj9j1yEPW33H5H+lBQpZMP1k8l+78Ha0A=="
  "resolved" "https://registry.npmjs.org/braces/-/braces-3.0.2.tgz"
  "version" "3.0.2"
  dependencies:
    "fill-range" "^7.0.1"

"brorand@^1.1.0":
  "integrity" "sha512-cKV8tMCEpQs4hK/ik71d6LrPOnpkpGBR0wzxqr68g2m/LB2GxVYQroAjMJZRVM1Y4BCjCKc3vAamxSzOY2RP+w=="
  "resolved" "https://registry.npmjs.org/brorand/-/brorand-1.1.0.tgz"
  "version" "1.1.0"

"caniuse-lite@^1.0.30001332":
  "integrity" "sha512-bn6sOCu7L7jcbBbyNhLg0qzXdJ/PMbybZTH/BA6Roet9wxYRm6Tr9D0s0uhLkOZ6MSG+QU6txUgdpr3MXIVqjA=="
  "resolved" "https://registry.npmjs.org/caniuse-lite/-/caniuse-lite-1.0.30001342.tgz"
  "version" "1.0.30001342"

"chalk@^4.0.0":
  "integrity" "sha512-oKnbhFyRIXpUuez8iBMmyEa4nbj4IOQyuhc/wy9kY7/WVPcwIO9VA668Pu8RkO7+0G76SLROeyw9CpQ061i4mA=="
  "resolved" "https://registry.npmjs.org/chalk/-/chalk-4.1.2.tgz"
  "version" "4.1.2"
  dependencies:
    "ansi-styles" "^4.1.0"
    "supports-color" "^7.1.0"

"chokidar@>=3.0.0 <4.0.0":
  "integrity" "sha512-Dr3sfKRP6oTcjf2JmUmFJfeVMvXBdegxB0iVQ5eb2V10uFJUCAS8OByZdVAyVb8xXNz3GjjTgj9kLWsZTqE6kw=="
  "resolved" "https://registry.npmjs.org/chokidar/-/chokidar-3.5.3.tgz"
  "version" "3.5.3"
  dependencies:
    "anymatch" "~3.1.2"
    "braces" "~3.0.2"
    "glob-parent" "~5.1.2"
    "is-binary-path" "~2.1.0"
    "is-glob" "~4.0.1"
    "normalize-path" "~3.0.0"
    "readdirp" "~3.6.0"
  optionalDependencies:
    "fsevents" "~2.3.2"

"color-convert@^2.0.1":
  "integrity" "sha512-RRECPsj7iu/xb5oKYcsFHSppFNnsj/52OVTRKb4zP5onXwVF3zVmmToNcOfGC+CRDpfK/U584fMg38ZHCaElKQ=="
  "resolved" "https://registry.npmjs.org/color-convert/-/color-convert-2.0.1.tgz"
  "version" "2.0.1"
  dependencies:
    "color-name" "~1.1.4"

"color-name@~1.1.4":
  "integrity" "sha512-dOy+3AuW3a2wNbZHIuMZpTcgjGuLU/uBL/ubcZF9OXbDo8ff4O8yVp5Bf0efS8uEoYo5q4Fx7dY9OgQGXgAsQA=="
  "resolved" "https://registry.npmjs.org/color-name/-/color-name-1.1.4.tgz"
  "version" "1.1.4"

"combined-stream@^1.0.8":
  "integrity" "sha512-FQN4MRfuJeHf7cBbBMJFXhKSDq+2kAArBlmRBvcvFE5BB1HZKXtSFASDhdlz9zOYwxh8lDdnvmMOe/+5cdoEdg=="
  "resolved" "https://registry.npmjs.org/combined-stream/-/combined-stream-1.0.8.tgz"
  "version" "1.0.8"
  dependencies:
    "delayed-stream" "~1.0.0"

"command-exists@^1.2.8":
  "integrity" "sha512-LTQ/SGc+s0Xc0Fu5WaKnR0YiygZkm9eKFvyS+fRsU7/ZWFF8ykFM6Pc9aCVf1+xasOOZpO3BAVgVrKvsqKHV7w=="
  "resolved" "https://registry.npmjs.org/command-exists/-/command-exists-1.2.9.tgz"
  "version" "1.2.9"

"commander@^8.1.0":
  "integrity" "sha512-OkTL9umf+He2DZkUq8f8J9of7yL6RJKI24dVITBmNfZBmri9zYZQrKkuXiKhyfPSu8tUhnVBB1iKXevvnlR4Ww=="
  "resolved" "https://registry.npmjs.org/commander/-/commander-8.3.0.tgz"
  "version" "8.3.0"

"csstype@^3.0.2":
  "integrity" "sha512-uX1KG+x9h5hIJsaKR9xHUeUraxf8IODOwq9JLNPq6BwB04a/xgpq3rcx47l5BZu5zBPlgD342tdke3Hom/nJRA=="
  "resolved" "https://registry.npmjs.org/csstype/-/csstype-3.1.0.tgz"
  "version" "3.1.0"

"delayed-stream@~1.0.0":
  "integrity" "sha512-ZySD7Nf91aLB0RxL4KGrKHBXl7Eds1DAmEdcoVawXnLD7SDhpNgtuII2aAkg7a7QS41jxPSZ17p4VdGnMHk3MQ=="
  "resolved" "https://registry.npmjs.org/delayed-stream/-/delayed-stream-1.0.0.tgz"
  "version" "1.0.0"

"diff-sequences@^28.1.1":
  "integrity" "sha512-FU0iFaH/E23a+a718l8Qa/19bF9p06kgE0KipMOMadwa3SjnaElKzPaUC0vnibs6/B/9ni97s61mcejk8W1fQw=="
  "resolved" "https://registry.npmjs.org/diff-sequences/-/diff-sequences-28.1.1.tgz"
  "version" "28.1.1"

"elliptic@6.5.4":
  "integrity" "sha512-iLhC6ULemrljPZb+QutR5TQGB+pdW6KGD5RSegS+8sorOZT+rdQFbsQFJgvN3eRqNALqJer4oQ16YvJHlU8hzQ=="
  "resolved" "https://registry.npmjs.org/elliptic/-/elliptic-6.5.4.tgz"
  "version" "6.5.4"
  dependencies:
    "bn.js" "^4.11.9"
    "brorand" "^1.1.0"
    "hash.js" "^1.0.0"
    "hmac-drbg" "^1.0.1"
    "inherits" "^2.0.4"
    "minimalistic-assert" "^1.0.1"
    "minimalistic-crypto-utils" "^1.0.1"

"ethers@^5.6.8":
  "integrity" "sha512-YxIGaltAOdvBFPZwIkyHnXbW40f1r8mHUgapW6dxkO+6t7H6wY8POUn0Kbxrd/N7I4hHxyi7YCddMAH/wmho2w=="
  "resolved" "https://registry.npmjs.org/ethers/-/ethers-5.6.8.tgz"
  "version" "5.6.8"
  dependencies:
    "@ethersproject/abi" "5.6.3"
    "@ethersproject/abstract-provider" "5.6.1"
    "@ethersproject/abstract-signer" "5.6.2"
    "@ethersproject/address" "5.6.1"
    "@ethersproject/base64" "5.6.1"
    "@ethersproject/basex" "5.6.1"
    "@ethersproject/bignumber" "5.6.2"
    "@ethersproject/bytes" "5.6.1"
    "@ethersproject/constants" "5.6.1"
    "@ethersproject/contracts" "5.6.2"
    "@ethersproject/hash" "5.6.1"
    "@ethersproject/hdnode" "5.6.2"
    "@ethersproject/json-wallets" "5.6.1"
    "@ethersproject/keccak256" "5.6.1"
    "@ethersproject/logger" "5.6.0"
    "@ethersproject/networks" "5.6.3"
    "@ethersproject/pbkdf2" "5.6.1"
    "@ethersproject/properties" "5.6.0"
    "@ethersproject/providers" "5.6.8"
    "@ethersproject/random" "5.6.1"
    "@ethersproject/rlp" "5.6.1"
    "@ethersproject/sha2" "5.6.1"
    "@ethersproject/signing-key" "5.6.2"
    "@ethersproject/solidity" "5.6.1"
    "@ethersproject/strings" "5.6.1"
    "@ethersproject/transactions" "5.6.2"
    "@ethersproject/units" "5.6.1"
    "@ethersproject/wallet" "5.6.2"
    "@ethersproject/web" "5.6.1"
    "@ethersproject/wordlists" "5.6.1"

"fill-range@^7.0.1":
  "integrity" "sha512-qOo9F+dMUmC2Lcb4BbVvnKJxTPjCm+RRpe4gDuGrzkL7mEVl/djYSu2OdQ2Pa302N4oqkSg9ir6jaLWJ2USVpQ=="
  "resolved" "https://registry.npmjs.org/fill-range/-/fill-range-7.0.1.tgz"
  "version" "7.0.1"
  dependencies:
    "to-regex-range" "^5.0.1"

"follow-redirects@^1.12.1", "follow-redirects@^1.14.9":
  "integrity" "sha512-yLAMQs+k0b2m7cVxpS1VKJVvoz7SS9Td1zss3XRwXj+ZDH00RJgnuLx7E44wx02kQLrdM3aOOy+FpzS7+8OizA=="
  "resolved" "https://registry.npmjs.org/follow-redirects/-/follow-redirects-1.15.1.tgz"
  "version" "1.15.1"

"form-data@^4.0.0":
  "integrity" "sha512-ETEklSGi5t0QMZuiXoA/Q6vcnxcLQP5vdugSpuAyi6SVGi2clPPp+xgEhuMaHC+zGgn31Kd235W35f7Hykkaww=="
  "resolved" "https://registry.npmjs.org/form-data/-/form-data-4.0.0.tgz"
  "version" "4.0.0"
  dependencies:
    "asynckit" "^0.4.0"
    "combined-stream" "^1.0.8"
    "mime-types" "^2.1.12"

"glob-parent@~5.1.2":
  "integrity" "sha512-AOIgSQCepiJYwP3ARnGx+5VnTu2HBYdzbGP45eLw1vr3zB3vZLeyed1sC9hnbcOc9/SrMyM5RPQrkGz4aS9Zow=="
  "resolved" "https://registry.npmjs.org/glob-parent/-/glob-parent-5.1.2.tgz"
  "version" "5.1.2"
  dependencies:
    "is-glob" "^4.0.1"

"has-flag@^4.0.0":
  "integrity" "sha512-EykJT/Q1KjTWctppgIAgfSO0tKVuZUjhgMr17kqTumMl6Afv3EISleU7qZUzoXDFTAHTDC4NOoG/ZxU3EvlMPQ=="
  "resolved" "https://registry.npmjs.org/has-flag/-/has-flag-4.0.0.tgz"
  "version" "4.0.0"

"hash.js@^1.0.0", "hash.js@^1.0.3", "hash.js@1.1.7":
  "integrity" "sha512-taOaskGt4z4SOANNseOviYDvjEJinIkRgmp7LbKP2YTTmVxWBl87s/uzK9r+44BclBSp2X7K1hqeNfz9JbBeXA=="
  "resolved" "https://registry.npmjs.org/hash.js/-/hash.js-1.1.7.tgz"
  "version" "1.1.7"
  dependencies:
    "inherits" "^2.0.3"
    "minimalistic-assert" "^1.0.1"

"hmac-drbg@^1.0.1":
  "integrity" "sha1-0nRXAQJabHdabFRXk+1QL8DGSaE="
  "resolved" "https://registry.npmjs.org/hmac-drbg/-/hmac-drbg-1.0.1.tgz"
  "version" "1.0.1"
  dependencies:
    "hash.js" "^1.0.3"
    "minimalistic-assert" "^1.0.0"
    "minimalistic-crypto-utils" "^1.0.1"

"immutable@^4.0.0":
  "integrity" "sha512-zIE9hX70qew5qTUjSS7wi1iwj/l7+m54KWU247nhM3v806UdGj1yDndXj+IOYxxtW9zyLI+xqFNZjTuDaLUqFw=="
  "resolved" "https://registry.npmjs.org/immutable/-/immutable-4.0.0.tgz"
  "version" "4.0.0"

"inherits@^2.0.3", "inherits@^2.0.4":
  "integrity" "sha512-k/vGaX4/Yla3WzyMCvTQOXYeIHvqOKtnqBduzTHpzpQZzAskKMhZ2K+EnBiSM9zGSoIFeMpXKxa4dYeZIQqewQ=="
  "resolved" "https://registry.npmjs.org/inherits/-/inherits-2.0.4.tgz"
  "version" "2.0.4"

"is-binary-path@~2.1.0":
  "integrity" "sha512-ZMERYes6pDydyuGidse7OsHxtbI7WVeUEozgR/g7rd0xUimYNlvZRE/K2MgZTjWy725IfelLeVcEM97mmtRGXw=="
  "resolved" "https://registry.npmjs.org/is-binary-path/-/is-binary-path-2.1.0.tgz"
  "version" "2.1.0"
  dependencies:
    "binary-extensions" "^2.0.0"

"is-extglob@^2.1.1":
  "integrity" "sha1-qIwCU1eR8C7TfHahueqXc8gz+MI="
  "resolved" "https://registry.npmjs.org/is-extglob/-/is-extglob-2.1.1.tgz"
  "version" "2.1.1"

"is-glob@^4.0.1", "is-glob@~4.0.1":
  "integrity" "sha512-xelSayHH36ZgE7ZWhli7pW34hNbNl8Ojv5KVmkJD4hBdD3th8Tfk9vYasLM+mXWOZhFkgZfxhLSnrwRr4elSSg=="
  "resolved" "https://registry.npmjs.org/is-glob/-/is-glob-4.0.3.tgz"
  "version" "4.0.3"
  dependencies:
    "is-extglob" "^2.1.1"

"is-number@^7.0.0":
  "integrity" "sha512-41Cifkg6e8TylSpdtTpeLVMqvSBEVzTttHvERD741+pnZ8ANv0004MRL43QKPDlK9cGvNp6NZWZUBlbGXYxxng=="
  "resolved" "https://registry.npmjs.org/is-number/-/is-number-7.0.0.tgz"
  "version" "7.0.0"

"jest-diff@^28.1.1":
  "integrity" "sha512-/MUUxeR2fHbqHoMMiffe/Afm+U8U4olFRJ0hiVG2lZatPJcnGxx292ustVu7bULhjV65IYMxRdploAKLbcrsyg=="
  "resolved" "https://registry.npmjs.org/jest-diff/-/jest-diff-28.1.1.tgz"
  "version" "28.1.1"
  dependencies:
    "chalk" "^4.0.0"
    "diff-sequences" "^28.1.1"
    "jest-get-type" "^28.0.2"
    "pretty-format" "^28.1.1"

"jest-get-type@^28.0.2":
  "integrity" "sha512-ioj2w9/DxSYHfOm5lJKCdcAmPJzQXmbM/Url3rhlghrPvT3tt+7a/+oXc9azkKmLvoiXjtV83bEWqi+vs5nlPA=="
  "resolved" "https://registry.npmjs.org/jest-get-type/-/jest-get-type-28.0.2.tgz"
  "version" "28.0.2"

"jest-matcher-utils@^28.0.0":
  "integrity" "sha512-NPJPRWrbmR2nAJ+1nmnfcKKzSwgfaciCCrYZzVnNoxVoyusYWIjkBMNvu0RHJe7dNj4hH3uZOPZsQA+xAYWqsw=="
  "resolved" "https://registry.npmjs.org/jest-matcher-utils/-/jest-matcher-utils-28.1.1.tgz"
  "version" "28.1.1"
  dependencies:
    "chalk" "^4.0.0"
    "jest-diff" "^28.1.1"
    "jest-get-type" "^28.0.2"
    "pretty-format" "^28.1.1"

"js-sha3@0.8.0":
  "integrity" "sha512-gF1cRrHhIzNfToc802P800N8PpXS+evLLXfsVpowqmAFR9uwbi89WvXg2QspOmXL8QL86J4T1EpFu+yUkwJY3Q=="
  "resolved" "https://registry.npmjs.org/js-sha3/-/js-sha3-0.8.0.tgz"
  "version" "0.8.0"

"js-tokens@^3.0.0 || ^4.0.0":
  "integrity" "sha512-RdJUflcE3cUzKiMqQgsCu06FPu9UdIJO0beYbPhHN4k6apgJtifcoCtT9bcxOpYBtpD2kCM6Sbzg4CausW/PKQ=="
  "resolved" "https://registry.npmjs.org/js-tokens/-/js-tokens-4.0.0.tgz"
  "version" "4.0.0"

"loose-envify@^1.1.0":
  "integrity" "sha512-lyuxPGr/Wfhrlem2CL/UcnUc1zcqKAImBDzukY7Y5F/yQiNdko6+fRLevlw1HgMySw7f611UIY408EtxRSoK3Q=="
  "resolved" "https://registry.npmjs.org/loose-envify/-/loose-envify-1.4.0.tgz"
  "version" "1.4.0"
  dependencies:
    "js-tokens" "^3.0.0 || ^4.0.0"

"memorystream@^0.3.1":
  "integrity" "sha512-S3UwM3yj5mtUSEfP41UZmt/0SCoVYUcU1rkXv+BQ5Ig8ndL4sPoJNBUJERafdPb5jjHJGuMgytgKvKIf58XNBw=="
  "resolved" "https://registry.npmjs.org/memorystream/-/memorystream-0.3.1.tgz"
  "version" "0.3.1"

"mime-db@1.52.0":
  "integrity" "sha512-sPU4uV7dYlvtWJxwwxHD0PuihVNiE7TyAbQ5SWxDCB9mUYvOgroQOwYQQOKPJ8CIbE+1ETVlOoK1UC2nU3gYvg=="
  "resolved" "https://registry.npmjs.org/mime-db/-/mime-db-1.52.0.tgz"
  "version" "1.52.0"

"mime-types@^2.1.12":
  "integrity" "sha512-ZDY+bPm5zTTF+YpCrAU9nK0UgICYPT0QtT1NZWFv4s++TNkcgVaT0g6+4R2uI4MjQjzysHB1zxuWL50hzaeXiw=="
  "resolved" "https://registry.npmjs.org/mime-types/-/mime-types-2.1.35.tgz"
  "version" "2.1.35"
  dependencies:
    "mime-db" "1.52.0"

"minimalistic-assert@^1.0.0", "minimalistic-assert@^1.0.1":
  "integrity" "sha512-UtJcAD4yEaGtjPezWuO9wC4nwUnVH/8/Im3yEHQP4b67cXlD/Qr9hdITCU1xDbSEXg2XKNaP8jsReV7vQd00/A=="
  "resolved" "https://registry.npmjs.org/minimalistic-assert/-/minimalistic-assert-1.0.1.tgz"
  "version" "1.0.1"

"minimalistic-crypto-utils@^1.0.1":
  "integrity" "sha1-9sAMHAsIIkblxNmd+4x8CDsrWCo="
  "resolved" "https://registry.npmjs.org/minimalistic-crypto-utils/-/minimalistic-crypto-utils-1.0.1.tgz"
  "version" "1.0.1"

"nanoid@^3.1.30":
  "integrity" "sha512-MqBkQh/OHTS2egovRtLk45wEyNXwF+cokD+1YPf9u5VfJiRdAiRwB2froX5Co9Rh20xs4siNPm8naNotSD6RBw=="
  "resolved" "https://registry.npmjs.org/nanoid/-/nanoid-3.3.4.tgz"
  "version" "3.3.4"

"next@12.1.6":
  "integrity" "sha512-cebwKxL3/DhNKfg9tPZDQmbRKjueqykHHbgaoG4VBRH3AHQJ2HO0dbKFiS1hPhe1/qgc2d/hFeadsbPicmLD+A=="
  "resolved" "https://registry.npmjs.org/next/-/next-12.1.6.tgz"
  "version" "12.1.6"
  dependencies:
    "@next/env" "12.1.6"
    "caniuse-lite" "^1.0.30001332"
    "postcss" "8.4.5"
    "styled-jsx" "5.0.2"
  optionalDependencies:
    "@next/swc-android-arm-eabi" "12.1.6"
    "@next/swc-android-arm64" "12.1.6"
    "@next/swc-darwin-arm64" "12.1.6"
    "@next/swc-darwin-x64" "12.1.6"
    "@next/swc-linux-arm-gnueabihf" "12.1.6"
    "@next/swc-linux-arm64-gnu" "12.1.6"
    "@next/swc-linux-arm64-musl" "12.1.6"
    "@next/swc-linux-x64-gnu" "12.1.6"
    "@next/swc-linux-x64-musl" "12.1.6"
    "@next/swc-win32-arm64-msvc" "12.1.6"
    "@next/swc-win32-ia32-msvc" "12.1.6"
    "@next/swc-win32-x64-msvc" "12.1.6"

"normalize-path@^3.0.0", "normalize-path@~3.0.0":
  "integrity" "sha512-6eZs5Ls3WtCisHWp9S2GUy8dqkpGi4BVSz3GaqiE6ezub0512ESztXUwUB6C6IKbQkY2Pnb/mD4WYojCRwcwLA=="
  "resolved" "https://registry.npmjs.org/normalize-path/-/normalize-path-3.0.0.tgz"
  "version" "3.0.0"

"os-tmpdir@~1.0.2":
  "integrity" "sha512-D2FR03Vir7FIu45XBY20mTb+/ZSWB00sjU9jdQXt83gDrI4Ztz5Fs7/yy74g2N5SVQY4xY1qDr4rNddwYRVX0g=="
  "resolved" "https://registry.npmjs.org/os-tmpdir/-/os-tmpdir-1.0.2.tgz"
  "version" "1.0.2"

"picocolors@^1.0.0":
  "integrity" "sha512-1fygroTLlHu66zi26VoTDv8yRgm0Fccecssto+MhsZ0D/DGW2sm8E8AjW7NU5VVTRt5GxbeZ5qBuJr+HyLYkjQ=="
  "resolved" "https://registry.npmjs.org/picocolors/-/picocolors-1.0.0.tgz"
  "version" "1.0.0"

"picomatch@^2.0.4", "picomatch@^2.2.1":
  "integrity" "sha512-JU3teHTNjmE2VCGFzuY8EXzCDVwEqB2a8fsIvwaStHhAWJEeVd1o1QD80CU6+ZdEXXSLbSsuLwJjkCBWqRQUVA=="
  "resolved" "https://registry.npmjs.org/picomatch/-/picomatch-2.3.1.tgz"
  "version" "2.3.1"

"postcss@8.4.5":
  "integrity" "sha512-jBDboWM8qpaqwkMwItqTQTiFikhs/67OYVvblFFTM7MrZjt6yMKd6r2kgXizEbTTljacm4NldIlZnhbjr84QYg=="
  "resolved" "https://registry.npmjs.org/postcss/-/postcss-8.4.5.tgz"
  "version" "8.4.5"
  dependencies:
    "nanoid" "^3.1.30"
    "picocolors" "^1.0.0"
    "source-map-js" "^1.0.1"

"pretty-format@^28.0.0", "pretty-format@^28.1.1":
  "integrity" "sha512-wwJbVTGFHeucr5Jw2bQ9P+VYHyLdAqedFLEkdQUVaBF/eiidDwH5OpilINq4mEfhbCjLnirt6HTTDhv1HaTIQw=="
  "resolved" "https://registry.npmjs.org/pretty-format/-/pretty-format-28.1.1.tgz"
  "version" "28.1.1"
  dependencies:
    "@jest/schemas" "^28.0.2"
    "ansi-regex" "^5.0.1"
    "ansi-styles" "^5.0.0"
    "react-is" "^18.0.0"

"react-dom@^17.0.2 || ^18.0.0-0", "react-dom@18.1.0":
  "integrity" "sha512-fU1Txz7Budmvamp7bshe4Zi32d0ll7ect+ccxNu9FlObT605GOEB8BfO4tmRJ39R5Zj831VCpvQ05QPBW5yb+w=="
  "resolved" "https://registry.npmjs.org/react-dom/-/react-dom-18.1.0.tgz"
  "version" "18.1.0"
  dependencies:
    "loose-envify" "^1.1.0"
    "scheduler" "^0.22.0"

"react-is@^18.0.0":
  "integrity" "sha512-xWGDIW6x921xtzPkhiULtthJHoJvBbF3q26fzloPCK0hsvxtPVelvftw3zjbHWSkR2km9Z+4uxbDDK/6Zw9B8w=="
  "resolved" "https://registry.npmjs.org/react-is/-/react-is-18.2.0.tgz"
  "version" "18.2.0"

"react@^16.8.0 || ^17.0.0 || ^18.0.0", "react@^17.0.2 || ^18.0.0-0", "react@^18.1.0", "react@>= 16.8.0 || 17.x.x || ^18.0.0-0", "react@>=16.8", "react@18.1.0":
  "integrity" "sha512-4oL8ivCz5ZEPyclFQXaNksK3adutVS8l2xzZU0cqEFrE9Sb7fC0EFK5uEk74wIreL1DERyjvsU915j1pcT2uEQ=="
  "resolved" "https://registry.npmjs.org/react/-/react-18.1.0.tgz"
  "version" "18.1.0"
  dependencies:
    "loose-envify" "^1.1.0"

"readdirp@~3.6.0":
  "integrity" "sha512-hOS089on8RduqdbhvQ5Z37A0ESjsqz6qnRcffsMU3495FuTdqSm+7bhJ29JvIOsBDEEnan5DPu9t3To9VRlMzA=="
  "resolved" "https://registry.npmjs.org/readdirp/-/readdirp-3.6.0.tgz"
  "version" "3.6.0"
  dependencies:
    "picomatch" "^2.2.1"

"sass@^1.3.0", "sass@^1.52.1":
  "integrity" "sha512-fSzYTbr7z8oQnVJ3Acp9hV80dM1fkMN7mSD/25mpcct9F7FPBMOI8krEYALgU1aZoqGhQNhTPsuSmxjnIvAm4Q=="
  "resolved" "https://registry.npmjs.org/sass/-/sass-1.52.1.tgz"
  "version" "1.52.1"
  dependencies:
    "chokidar" ">=3.0.0 <4.0.0"
    "immutable" "^4.0.0"
    "source-map-js" ">=0.6.2 <2.0.0"

"scheduler@^0.22.0":
  "integrity" "sha512-6QAm1BgQI88NPYymgGQLCZgvep4FyePDWFpXVK+zNSUgHwlqpJy8VEh8Et0KxTACS4VWwMousBElAZOH9nkkoQ=="
  "resolved" "https://registry.npmjs.org/scheduler/-/scheduler-0.22.0.tgz"
  "version" "0.22.0"
  dependencies:
    "loose-envify" "^1.1.0"

"scrypt-js@3.0.1":
  "integrity" "sha512-cdwTTnqPu0Hyvf5in5asVdZocVDTNRmR7XEcJuIzMjJeSHybHl7vpB66AzwTaIg6CLSbtjcxc8fqcySfnTkccA=="
  "resolved" "https://registry.npmjs.org/scrypt-js/-/scrypt-js-3.0.1.tgz"
  "version" "3.0.1"

"semver@^5.5.0":
  "integrity" "sha512-sauaDf/PZdVgrLTNYHRtpXa1iRiKcaebiKQ1BJdpQlWH2lCvexQdX55snPFyK7QzpudqbCI0qXFfOasHdyNDGQ=="
  "resolved" "https://registry.npmjs.org/semver/-/semver-5.7.1.tgz"
  "version" "5.7.1"

"solc@^0.8.15":
  "integrity" "sha512-Riv0GNHNk/SddN/JyEuFKwbcWcEeho15iyupTSHw5Np6WuXA5D8kEHbyzDHi6sqmvLzu2l+8b1YmL8Ytple+8w=="
  "resolved" "https://registry.npmjs.org/solc/-/solc-0.8.15.tgz"
  "version" "0.8.15"
  dependencies:
    "command-exists" "^1.2.8"
    "commander" "^8.1.0"
    "follow-redirects" "^1.12.1"
    "js-sha3" "0.8.0"
    "memorystream" "^0.3.1"
    "semver" "^5.5.0"
    "tmp" "0.0.33"

"source-map-js@^1.0.1", "source-map-js@>=0.6.2 <2.0.0":
  "integrity" "sha512-R0XvVJ9WusLiqTCEiGCmICCMplcCkIwwR11mOSD9CR5u+IXYdiseeEuXCVAjS54zqwkLcPNnmU4OeJ6tUrWhDw=="
  "resolved" "https://registry.npmjs.org/source-map-js/-/source-map-js-1.0.2.tgz"
  "version" "1.0.2"

"styled-jsx@5.0.2":
  "integrity" "sha512-LqPQrbBh3egD57NBcHET4qcgshPks+yblyhPlH2GY8oaDgKs8SK4C3dBh3oSJjgzJ3G5t1SYEZGHkP+QEpX9EQ=="
  "resolved" "https://registry.npmjs.org/styled-jsx/-/styled-jsx-5.0.2.tgz"
  "version" "5.0.2"

"supports-color@^7.1.0":
  "integrity" "sha512-qpCAvRl9stuOHveKsn7HncJRvv501qIacKzQlO/+Lwxc9+0q2wLyv4Dfvt80/DPn2pqOBsJdDiogXGR9+OvwRw=="
  "resolved" "https://registry.npmjs.org/supports-color/-/supports-color-7.2.0.tgz"
  "version" "7.2.0"
  dependencies:
    "has-flag" "^4.0.0"

"tiny-warning@^1.0.3":
  "integrity" "sha512-lBN9zLN/oAf68o3zNXYrdCt1kP8WsiGW8Oo2ka41b2IM5JL/S1CTyX1rW0mb/zSuJun0ZUrDxx4sqvYS2FWzPA=="
  "resolved" "https://registry.npmjs.org/tiny-warning/-/tiny-warning-1.0.3.tgz"
  "version" "1.0.3"

"tmp@0.0.33":
  "integrity" "sha512-jRCJlojKnZ3addtTOjdIqoRuPEKBvNXcGYqzO6zWZX8KfKEpnGY5jfggJQ3EjKuu8D4bJRr0y+cYJFmYbImXGw=="
  "resolved" "https://registry.npmjs.org/tmp/-/tmp-0.0.33.tgz"
  "version" "0.0.33"
  dependencies:
    "os-tmpdir" "~1.0.2"

"to-regex-range@^5.0.1":
  "integrity" "sha512-65P7iz6X5yEr1cwcgvQxbbIw7Uk3gOy5dIdtZ4rDveLqhrdJP+Li/Hx6tyK0NEb+2GCyneCMJiGqrADCSNk8sQ=="
  "resolved" "https://registry.npmjs.org/to-regex-range/-/to-regex-range-5.0.1.tgz"
  "version" "5.0.1"
  dependencies:
    "is-number" "^7.0.0"

"typescript@^4.7.4":
  "integrity" "sha512-C0WQT0gezHuw6AdY1M2jxUO83Rjf0HP7Sk1DtXj6j1EwkQNZrHAg2XPWlq62oqEhYvONq5pkC2Y9oPljWToLmQ=="
  "resolved" "https://registry.npmjs.org/typescript/-/typescript-4.7.4.tgz"
  "version" "4.7.4"

"use-sync-external-store@1.1.0":
  "integrity" "sha512-SEnieB2FPKEVne66NpXPd1Np4R1lTNKfjuy3XdIoPQKYBAFdzbzSZlSn1KJZUiihQLQC5Znot4SBz1EOTBwQAQ=="
  "resolved" "https://registry.npmjs.org/use-sync-external-store/-/use-sync-external-store-1.1.0.tgz"
  "version" "1.1.0"

"ws@7.4.6":
  "integrity" "sha512-YmhHDO4MzaDLB+M9ym/mDA5z0naX8j7SIlT8f8z+I0VtzsRbekxEutHSme7NPS2qE8StCYQNUnfWdXta/Yu85A=="
  "resolved" "https://registry.npmjs.org/ws/-/ws-7.4.6.tgz"
  "version" "7.4.6"

"zustand@^4.0.0-beta.0", "zustand@^4.0.0-rc.0":
  "integrity" "sha512-qgcs7zLqBdHu0PuT3GW4WCIY5SgXdsv30GQMu9Qpp1BA2aS+sNS8l4x0hWuyEhjXkN+701aGWawhKDv6oWJAcw=="
  "resolved" "https://registry.npmjs.org/zustand/-/zustand-4.0.0-rc.1.tgz"
  "version" "4.0.0-rc.1"
  dependencies:
    "use-sync-external-store" "1.1.0"
